
Microsoft Visual Studio Solution File, Format Version 12.00
# Visual Studio Version 17
VisualStudioVersion = 17.14.36705.20
MinimumVisualStudioVersion = 10.0.40219.1
Project("{FAE04EC0-301F-11D3-BF4B-00C04F79EFBC}") = "Empower 2026 - AI Operational Monitoring - Part 1", "Empower 2026 - AI Operational Monitoring - Part 1\Empower 2026 - AI Operational Monitoring - Part 1.csproj", "{1F1D4B96-CB64-43C5-B9E2-A493D86BB17F}"
	ProjectSection(ProjectDependencies) = postProject
		{047416B4-9B17-ACA1-F102-5E8D9DFD21EF} = {047416B4-9B17-ACA1-F102-5E8D9DFD21EF}
		{550A235A-1B93-C24A-7B82-AA12A957B7D3} = {550A235A-1B93-C24A-7B82-AA12A957B7D3}
		{6DFA0E3D-75A5-90F1-0751-8757763AF766} = {6DFA0E3D-75A5-90F1-0751-8757763AF766}
		{8D01E5B0-FC8D-5333-D5DE-E9F3B40D28D1} = {8D01E5B0-FC8D-5333-D5DE-E9F3B40D28D1}
		{A6FBBE1D-2072-0ADD-E8DF-BAFA30172224} = {A6FBBE1D-2072-0ADD-E8DF-BAFA30172224}
		{E45ECB88-F9CA-9F83-B7EF-ECC01257A6C2} = {E45ECB88-F9CA-9F83-B7EF-ECC01257A6C2}
		{E6403ACE-2180-5D3E-7B40-3A62CEA0F74F} = {E6403ACE-2180-5D3E-7B40-3A62CEA0F74F}
	EndProjectSection
EndProject
Project("{FAE04EC0-301F-11D3-BF4B-00C04F79EFBC}") = "Empower 2026 - AI - Commtia DAB", "AI - Commtia DAB\Empower 2026 - AI - Commtia DAB.csproj", "{047416B4-9B17-ACA1-F102-5E8D9DFD21EF}"
EndProject
Project("{FAE04EC0-301F-11D3-BF4B-00C04F79EFBC}") = "Add Single Groups", "Add Single Groups\Add Single Groups.csproj", "{9CAE11C0-DB1F-F0E9-9C04-8C6CE4026898}"
EndProject
Project("{FAE04EC0-301F-11D3-BF4B-00C04F79EFBC}") = "Add Shared Model Group", "Add Shared Model Group\Add Shared Model Group.csproj", "{A5FC4858-65B4-5337-7BAE-0C08170BC751}"
EndProject
Project("{FAE04EC0-301F-11D3-BF4B-00C04F79EFBC}") = "Empower 2026 - AI - Audio bit rate CBR-VBR", "Empower 2025 - AI - Audio bit rate CBR-VBR\Empower 2026 - AI - Audio bit rate CBR-VBR.csproj", "{6DFA0E3D-75A5-90F1-0751-8757763AF766}"
EndProject
Project("{FAE04EC0-301F-11D3-BF4B-00C04F79EFBC}") = "Empower 2026 - AI - Video Server", "Empower 2026 - AI - Video Server\Empower 2026 - AI - Video Server.csproj", "{E6403ACE-2180-5D3E-7B40-3A62CEA0F74F}"
EndProject
Project("{FAE04EC0-301F-11D3-BF4B-00C04F79EFBC}") = "Empower 2026 - AI - PM In Tables", "Empower 2026 - AI - PM In Tables\Empower 2026 - AI - PM In Tables.csproj", "{E45ECB88-F9CA-9F83-B7EF-ECC01257A6C2}"
EndProject
Project("{2150E333-8FDC-42A3-9474-1A3956D46DE8}") = "Internal", "Internal", "{16533E8B-3089-4149-BE1F-7727A0601D8E}"
EndProject
Project("{2150E333-8FDC-42A3-9474-1A3956D46DE8}") = "Code Analysis", "Code Analysis", "{184D82D7-C96A-492A-9BE2-53214336B3CF}"
	ProjectSection(SolutionItems) = preProject
		Internal\Code Analysis\qaction-debug.ruleset = Internal\Code Analysis\qaction-debug.ruleset
		Internal\Code Analysis\qaction-release.ruleset = Internal\Code Analysis\qaction-release.ruleset
		Internal\Code Analysis\stylecop.json = Internal\Code Analysis\stylecop.json
	EndProjectSection
EndProject
Project("{FAE04EC0-301F-11D3-BF4B-00C04F79EFBC}") = "Empower 2026 - AI - Pattern Event Creator", "Empower 2026 - AI - Pattern Event Creator\Empower 2026 - AI - Pattern Event Creator.csproj", "{550A235A-1B93-C24A-7B82-AA12A957B7D3}"
EndProject
Project("{FAE04EC0-301F-11D3-BF4B-00C04F79EFBC}") = "Empower 2026 - AI - TSR", "Empower 2026 - AI - TSR\Empower 2026 - AI - TSR.csproj", "{A6FBBE1D-2072-0ADD-E8DF-BAFA30172224}"
EndProject
Project("{FAE04EC0-301F-11D3-BF4B-00C04F79EFBC}") = "SLC_TextAnalysis_Prompt", "SLC_TextAnalysis_Prompt\SLC_TextAnalysis_Prompt.csproj", "{8D01E5B0-FC8D-5333-D5DE-E9F3B40D28D1}"
EndProject
Global
	GlobalSection(SolutionConfigurationPlatforms) = preSolution
		Debug|Any CPU = Debug|Any CPU
		Release|Any CPU = Release|Any CPU
	EndGlobalSection
	GlobalSection(ProjectConfigurationPlatforms) = postSolution
		{1F1D4B96-CB64-43C5-B9E2-A493D86BB17F}.Debug|Any CPU.ActiveCfg = Debug|Any CPU
		{1F1D4B96-CB64-43C5-B9E2-A493D86BB17F}.Debug|Any CPU.Build.0 = Debug|Any CPU
		{1F1D4B96-CB64-43C5-B9E2-A493D86BB17F}.Release|Any CPU.ActiveCfg = Release|Any CPU
		{1F1D4B96-CB64-43C5-B9E2-A493D86BB17F}.Release|Any CPU.Build.0 = Release|Any CPU
		{047416B4-9B17-ACA1-F102-5E8D9DFD21EF}.Debug|Any CPU.ActiveCfg = Debug|Any CPU
		{047416B4-9B17-ACA1-F102-5E8D9DFD21EF}.Debug|Any CPU.Build.0 = Debug|Any CPU
		{047416B4-9B17-ACA1-F102-5E8D9DFD21EF}.Release|Any CPU.ActiveCfg = Release|Any CPU
		{047416B4-9B17-ACA1-F102-5E8D9DFD21EF}.Release|Any CPU.Build.0 = Release|Any CPU
		{9CAE11C0-DB1F-F0E9-9C04-8C6CE4026898}.Debug|Any CPU.ActiveCfg = Debug|Any CPU
		{9CAE11C0-DB1F-F0E9-9C04-8C6CE4026898}.Debug|Any CPU.Build.0 = Debug|Any CPU
		{9CAE11C0-DB1F-F0E9-9C04-8C6CE4026898}.Release|Any CPU.ActiveCfg = Release|Any CPU
		{9CAE11C0-DB1F-F0E9-9C04-8C6CE4026898}.Release|Any CPU.Build.0 = Release|Any CPU
		{A5FC4858-65B4-5337-7BAE-0C08170BC751}.Debug|Any CPU.ActiveCfg = Debug|Any CPU
		{A5FC4858-65B4-5337-7BAE-0C08170BC751}.Debug|Any CPU.Build.0 = Debug|Any CPU
		{A5FC4858-65B4-5337-7BAE-0C08170BC751}.Release|Any CPU.ActiveCfg = Release|Any CPU
		{A5FC4858-65B4-5337-7BAE-0C08170BC751}.Release|Any CPU.Build.0 = Release|Any CPU
		{6DFA0E3D-75A5-90F1-0751-8757763AF766}.Debug|Any CPU.ActiveCfg = Debug|Any CPU
		{6DFA0E3D-75A5-90F1-0751-8757763AF766}.Debug|Any CPU.Build.0 = Debug|Any CPU
		{6DFA0E3D-75A5-90F1-0751-8757763AF766}.Release|Any CPU.ActiveCfg = Release|Any CPU
		{6DFA0E3D-75A5-90F1-0751-8757763AF766}.Release|Any CPU.Build.0 = Release|Any CPU
		{E6403ACE-2180-5D3E-7B40-3A62CEA0F74F}.Debug|Any CPU.ActiveCfg = Debug|Any CPU
		{E6403ACE-2180-5D3E-7B40-3A62CEA0F74F}.Debug|Any CPU.Build.0 = Debug|Any CPU
		{E6403ACE-2180-5D3E-7B40-3A62CEA0F74F}.Release|Any CPU.ActiveCfg = Release|Any CPU
		{E6403ACE-2180-5D3E-7B40-3A62CEA0F74F}.Release|Any CPU.Build.0 = Release|Any CPU
		{E45ECB88-F9CA-9F83-B7EF-ECC01257A6C2}.Debug|Any CPU.ActiveCfg = Debug|Any CPU
		{E45ECB88-F9CA-9F83-B7EF-ECC01257A6C2}.Debug|Any CPU.Build.0 = Debug|Any CPU
		{E45ECB88-F9CA-9F83-B7EF-ECC01257A6C2}.Release|Any CPU.ActiveCfg = Release|Any CPU
		{E45ECB88-F9CA-9F83-B7EF-ECC01257A6C2}.Release|Any CPU.Build.0 = Release|Any CPU
		{550A235A-1B93-C24A-7B82-AA12A957B7D3}.Debug|Any CPU.ActiveCfg = Debug|Any CPU
		{550A235A-1B93-C24A-7B82-AA12A957B7D3}.Debug|Any CPU.Build.0 = Debug|Any CPU
		{550A235A-1B93-C24A-7B82-AA12A957B7D3}.Release|Any CPU.ActiveCfg = Release|Any CPU
		{550A235A-1B93-C24A-7B82-AA12A957B7D3}.Release|Any CPU.Build.0 = Release|Any CPU
		{A6FBBE1D-2072-0ADD-E8DF-BAFA30172224}.Debug|Any CPU.ActiveCfg = Debug|Any CPU
		{A6FBBE1D-2072-0ADD-E8DF-BAFA30172224}.Debug|Any CPU.Build.0 = Debug|Any CPU
		{A6FBBE1D-2072-0ADD-E8DF-BAFA30172224}.Release|Any CPU.ActiveCfg = Release|Any CPU
		{A6FBBE1D-2072-0ADD-E8DF-BAFA30172224}.Release|Any CPU.Build.0 = Release|Any CPU
		{8D01E5B0-FC8D-5333-D5DE-E9F3B40D28D1}.Debug|Any CPU.ActiveCfg = Debug|Any CPU
		{8D01E5B0-FC8D-5333-D5DE-E9F3B40D28D1}.Debug|Any CPU.Build.0 = Debug|Any CPU
		{8D01E5B0-FC8D-5333-D5DE-E9F3B40D28D1}.Release|Any CPU.ActiveCfg = Release|Any CPU
		{8D01E5B0-FC8D-5333-D5DE-E9F3B40D28D1}.Release|Any CPU.Build.0 = Release|Any CPU
	EndGlobalSection
	GlobalSection(SolutionProperties) = preSolution
		HideSolutionNode = FALSE
	EndGlobalSection
	GlobalSection(NestedProjects) = preSolution
		{184D82D7-C96A-492A-9BE2-53214336B3CF} = {16533E8B-3089-4149-BE1F-7727A0601D8E}
	EndGlobalSection
	GlobalSection(ExtensibilityGlobals) = postSolution
		SolutionGuid = {BE98D20C-A61A-48EE-93EF-9BA36E23B3DC}
	EndGlobalSection
EndGlobal
